Microsoft Visual Studio Solution File, Format Version 12.00
# Visual Studio Version 16
VisualStudioVersion = 16.0.0.0
MinimumVisualStudioVersion = 16.0.0.0
Project("{9A19103F-16F7-4668-BE54-9A1E7A4F7556}") = "LakshyaRajputChat.Server", "Server\LakshyaRajputChat.Server.csproj", "{15058456-92EB-438B-973E-668E31979896}"
EndProject
Project("{9A19103F-16F7-4668-BE54-9A1E7A4F7556}") = "LakshyaRajputChat.Client", "Client\LakshyaRajputChat.Client.csproj", "{BD96D984-A08C-49AF-A79E-26BEF4CA3E8E}"
EndProject
Project("{9A19103F-16F7-4668-BE54-9A1E7A4F7556}") = "LakshyaRajputChat.Shared", "Shared\LakshyaRajputChat.Shared.csproj", "{A1BEAF40-D904-4E21-BDA6-49318CF4641F}"
EndProject
Global
	GlobalSection(SolutionConfigurationPlatforms) = preSolution
		Debug|Any CPU = Debug|Any CPU
		Debug|x64 = Debug|x64
		Debug|x86 = Debug|x86
		Release|Any CPU = Release|Any CPU
		Release|x64 = Release|x64
		Release|x86 = Release|x86
	EndGlobalSection
	GlobalSection(ProjectConfigurationPlatforms) = postSolution
		{BD96D984-A08C-49AF-A79E-26BEF4CA3E8E}.Debug|Any CPU.ActiveCfg = Debug|Any CPU
		{BD96D984-A08C-49AF-A79E-26BEF4CA3E8E}.Debug|Any CPU.Build.0 = Debug|Any CPU
		{BD96D984-A08C-49AF-A79E-26BEF4CA3E8E}.Debug|x64.ActiveCfg = Debug|Any CPU
		{BD96D984-A08C-49AF-A79E-26BEF4CA3E8E}.Debug|x64.Build.0 = Debug|Any CPU
		{BD96D984-A08C-49AF-A79E-26BEF4CA3E8E}.Debug|x86.ActiveCfg = Debug|Any CPU
		{BD96D984-A08C-49AF-A79E-26BEF4CA3E8E}.Debug|x86.Build.0 = Debug|Any CPU
		{BD96D984-A08C-49AF-A79E-26BEF4CA3E8E}.Release|Any CPU.ActiveCfg = Release|Any CPU
		{BD96D984-A08C-49AF-A79E-26BEF4CA3E8E}.Release|Any CPU.Build.0 = Release|Any CPU
		{BD96D984-A08C-49AF-A79E-26BEF4CA3E8E}.Release|x64.ActiveCfg = Release|Any CPU
		{BD96D984-A08C-49AF-A79E-26BEF4CA3E8E}.Release|x64.Build.0 = Release|Any CPU
		{BD96D984-A08C-49AF-A79E-26BEF4CA3E8E}.Release|x86.ActiveCfg = Release|Any CPU
		{BD96D984-A08C-49AF-A79E-26BEF4CA3E8E}.Release|x86.Build.0 = Release|Any CPU
		{15058456-92EB-438B-973E-668E31979896}.Debug|Any CPU.ActiveCfg = Debug|Any CPU
		{15058456-92EB-438B-973E-668E31979896}.Debug|Any CPU.Build.0 = Debug|Any CPU
		{15058456-92EB-438B-973E-668E31979896}.Debug|x64.ActiveCfg = Debug|Any CPU
		{15058456-92EB-438B-973E-668E31979896}.Debug|x64.Build.0 = Debug|Any CPU
		{15058456-92EB-438B-973E-668E31979896}.Debug|x86.ActiveCfg = Debug|Any CPU
		{15058456-92EB-438B-973E-668E31979896}.Debug|x86.Build.0 = Debug|Any CPU
		{15058456-92EB-438B-973E-668E31979896}.Release|Any CPU.ActiveCfg = Release|Any CPU
		{15058456-92EB-438B-973E-668E31979896}.Release|Any CPU.Build.0 = Release|Any CPU
		{15058456-92EB-438B-973E-668E31979896}.Release|x64.ActiveCfg = Release|Any CPU
		{15058456-92EB-438B-973E-668E31979896}.Release|x64.Build.0 = Release|Any CPU
		{15058456-92EB-438B-973E-668E31979896}.Release|x86.ActiveCfg = Release|Any CPU
		{15058456-92EB-438B-973E-668E31979896}.Release|x86.Build.0 = Release|Any CPU
		{A1BEAF40-D904-4E21-BDA6-49318CF4641F}.Debug|Any CPU.ActiveCfg = Debug|Any CPU
		{A1BEAF40-D904-4E21-BDA6-49318CF4641F}.Debug|Any CPU.Build.0 = Debug|Any CPU
		{A1BEAF40-D904-4E21-BDA6-49318CF4641F}.Debug|x64.ActiveCfg = Debug|Any CPU
		{A1BEAF40-D904-4E21-BDA6-49318CF4641F}.Debug|x64.Build.0 = Debug|Any CPU
		{A1BEAF40-D904-4E21-BDA6-49318CF4641F}.Debug|x86.ActiveCfg = Debug|Any CPU
		{A1BEAF40-D904-4E21-BDA6-49318CF4641F}.Debug|x86.Build.0 = Debug|Any CPU
		{A1BEAF40-D904-4E21-BDA6-49318CF4641F}.Release|Any CPU.ActiveCfg = Release|Any CPU
		{A1BEAF40-D904-4E21-BDA6-49318CF4641F}.Release|Any CPU.Build.0 = Release|Any CPU
		{A1BEAF40-D904-4E21-BDA6-49318CF4641F}.Release|x64.ActiveCfg = Release|Any CPU
		{A1BEAF40-D904-4E21-BDA6-49318CF4641F}.Release|x64.Build.0 = Release|Any CPU
		{A1BEAF40-D904-4E21-BDA6-49318CF4641F}.Release|x86.ActiveCfg = Release|Any CPU
		{A1BEAF40-D904-4E21-BDA6-49318CF4641F}.Release|x86.Build.0 = Release|Any CPU
	EndGlobalSection
	GlobalSection(SolutionProperties) = preSolution
		HideSolutionNode = FALSE
	EndGlobalSection
	GlobalSection(ExtensibilityGlobals) = postSolution
		SolutionGuid = {ECB02014-66D1-4A19-A5E0-5964C0BEEA4C}
	EndGlobalSection
EndGlobal